
Microsoft Visual Studio Solution File, Format Version 12.00
# Visual Studio Version 17
VisualStudioVersion = 17.13.35931.197 d17.13
MinimumVisualStudioVersion = 10.0.40219.1
Project("{FAE04EC0-301F-11D3-BF4B-00C04F79EFBC}") = "Temp", "Temp.csproj", "{F72ABD2F-FF9F-40F1-AC77-6F59B7F4C7CA}"
EndProject
Global
	GlobalSection(SolutionConfigurationPlatforms) = preSolution
		Debug|Any CPU = Debug|Any CPU
		Release|Any CPU = Release|Any CPU
	EndGlobalSection
	GlobalSection(ProjectConfigurationPlatforms) = postSolution
		{F72ABD2F-FF9F-40F1-AC77-6F59B7F4C7CA}.Debug|Any CPU.ActiveCfg = Debug|Any CPU
		{F72ABD2F-FF9F-40F1-AC77-6F59B7F4C7CA}.Debug|Any CPU.Build.0 = Debug|Any CPU
		{F72ABD2F-FF9F-40F1-AC77-6F59B7F4C7CA}.Release|Any CPU.ActiveCfg = Release|Any CPU
		{F72ABD2F-FF9F-40F1-AC77-6F59B7F4C7CA}.Release|Any CPU.Build.0 = Release|Any CPU
	EndGlobalSection
	GlobalSection(SolutionProperties) = preSolution
		HideSolutionNode = FALSE
	EndGlobalSection
	GlobalSection(ExtensibilityGlobals) = postSolution
		SolutionGuid = {5BDC4CF8-7058-4C0B-832B-96CBE1969C99}
	EndGlobalSection
EndGlobal
